// !$*UTF8*$!
{
	archiveVersion = 1;
	classes = {
	};
	objectVersion = 55;
	objects = {

/* Begin PBXBuildFile section */
		CB9DA0F727AD5C4100AC4C56 /* AppDelegate.swift in Sources */ = {isa = PBXBuildFile; fileRef = CB9DA0F627AD5C4100AC4C56 /* AppDelegate.swift */; };
		CB9DA0F927AD5C4100AC4C56 /* SceneDelegate.swift in Sources */ = {isa = PBXBuildFile; fileRef = CB9DA0F827AD5C4100AC4C56 /* SceneDelegate.swift */; };
		CB9DA0FB27AD5C4100AC4C56 /* ViewController.swift in Sources */ = {isa = PBXBuildFile; fileRef = CB9DA0FA27AD5C4100AC4C56 /* ViewController.swift */; };
		CB9DA0FE27AD5C4100AC4C56 /* Main.storyboard in Resources */ = {isa = PBXBuildFile; fileRef = CB9DA0FC27AD5C4100AC4C56 /* Main.storyboard */; };
		CB9DA10027AD5C4300AC4C56 /* Assets.xcassets in Resources */ = {isa = PBXBuildFile; fileRef = CB9DA0FF27AD5C4300AC4C56 /* Assets.xcassets */; };
		CB9DA10327AD5C4300AC4C56 /* LaunchScreen.storyboard in Resources */ = {isa = PBXBuildFile; fileRef = CB9DA10127AD5C4300AC4C56 /* LaunchScreen.storyboard */; };
		CB9DA11527AD622500AC4C56 /* SenderViewController.swift in Sources */ = {isa = PBXBuildFile; fileRef = CB9DA11427AD622500AC4C56 /* SenderViewController.swift */; };
		CB9DA11727AD628700AC4C56 /* ListenerViewController.swift in Sources */ = {isa = PBXBuildFile; fileRef = CB9DA11627AD628700AC4C56 /* ListenerViewController.swift */; };
		CB9DA11927AD631D00AC4C56 /* NotificationExtension.swift in Sources */ = {isa = PBXBuildFile; fileRef = CB9DA11827AD631D00AC4C56 /* NotificationExtension.swift */; };
/* End PBXBuildFile section */

/* Begin PBXFileReference section */
		CB9DA0F327AD5C4100AC4C56 /* table-ViewHW4.app */ = {isa = PBXFileReference; explicitFileType = wrapper.application; includeInIndex = 0; path = "table-ViewHW4.app"; sourceTree = BUILT_PRODUCTS_DIR; };
		CB9DA0F627AD5C4100AC4C56 /* AppDelegate.swift */ = {isa = PBXFileReference; lastKnownFileType = sourcecode.swift; path = AppDelegate.swift; sourceTree = "<group>"; };
		CB9DA0F827AD5C4100AC4C56 /* SceneDelegate.swift */ = {isa = PBXFileReference; lastKnownFileType = sourcecode.swift; path = SceneDelegate.swift; sourceTree = "<group>"; };
		CB9DA0FA27AD5C4100AC4C56 /* ViewController.swift */ = {isa = PBXFileReference; lastKnownFileType = sourcecode.swift; path = ViewController.swift; sourceTree = "<group>"; };
		CB9DA0FD27AD5C4100AC4C56 /* Base */ = {isa = PBXFileReference; lastKnownFileType = file.storyboard; name = Base; path = Base.lproj/Main.storyboard; sourceTree = "<group>"; };
		CB9DA0FF27AD5C4300AC4C56 /* Assets.xcassets */ = {isa = PBXFileReference; lastKnownFileType = folder.assetcatalog; path = Assets.xcassets; sourceTree = "<group>"; };
		CB9DA10227AD5C4300AC4C56 /* Base */ = {isa = PBXFileReference; lastKnownFileType = file.storyboard; name = Base; path = Base.lproj/LaunchScreen.storyboard; sourceTree = "<group>"; };
		CB9DA10427AD5C4300AC4C56 /* Info.plist */ = {isa = PBXFileReference; lastKnownFileType = text.plist.xml; path = Info.plist; sourceTree = "<group>"; };
		CB9DA11427AD622500AC4C56 /* SenderViewController.swift */ = {isa = PBXFileReference; lastKnownFileType = sourcecode.swift; path = SenderViewController.swift; sourceTree = "<group>"; };
		CB9DA11627AD628700AC4C56 /* ListenerViewController.swift */ = {isa = PBXFileReference; lastKnownFileType = sourcecode.swift; path = ListenerViewController.swift; sourceTree = "<group>"; };
		CB9DA11827AD631D00AC4C56 /* NotificationExtension.swift */ = {isa = PBXFileReference; lastKnownFileType = sourcecode.swift; path = NotificationExtension.swift; sourceTree = "<group>"; };
/* End PBXFileReference section */

/* Begin PBXFrameworksBuildPhase section */
		CB9DA0F027AD5C4100AC4C56 /* Frameworks */ = {
			isa = PBXFrameworksBuildPhase;
			buildActionMask = 2147483647;
			files = (
			);
			runOnlyForDeploymentPostprocessing = 0;
		};
/* End PBXFrameworksBuildPhase section */

/* Begin PBXGroup section */
		CB9DA0EA27AD5C4100AC4C56 = {
			isa = PBXGroup;
			children = (
				CB9DA0F527AD5C4100AC4C56 /* table-ViewHW4 */,
				CB9DA0F427AD5C4100AC4C56 /* Products */,
			);
			sourceTree = "<group>";
		};
		CB9DA0F427AD5C4100AC4C56 /* Products */ = {
			isa = PBXGroup;
			children = (
				CB9DA0F327AD5C4100AC4C56 /* table-ViewHW4.app */,
			);
			name = Products;
			sourceTree = "<group>";
		};
		CB9DA0F527AD5C4100AC4C56 /* table-ViewHW4 */ = {
			isa = PBXGroup;
			children = (
				CB9DA10C27AD5F3100AC4C56 /* Cell */,
				CB9DA10B27AD5F2000AC4C56 /* Notification */,
				CB9DA0F627AD5C4100AC4C56 /* AppDelegate.swift */,
				CB9DA0F827AD5C4100AC4C56 /* SceneDelegate.swift */,
				CB9DA0FA27AD5C4100AC4C56 /* ViewController.swift */,
				CB9DA0FC27AD5C4100AC4C56 /* Main.storyboard */,
				CB9DA0FF27AD5C4300AC4C56 /* Assets.xcassets */,
				CB9DA10127AD5C4300AC4C56 /* LaunchScreen.storyboard */,
				CB9DA10427AD5C4300AC4C56 /* Info.plist */,
			);
			path = "table-ViewHW4";
			sourceTree = "<group>";
		};
		CB9DA10B27AD5F2000AC4C56 /* Notification */ = {
			isa = PBXGroup;
			children = (
				CB9DA11427AD622500AC4C56 /* SenderViewController.swift */,
				CB9DA11627AD628700AC4C56 /* ListenerViewController.swift */,
				CB9DA11827AD631D00AC4C56 /* NotificationExtension.swift */,
			);
			path = Notification;
			sourceTree = "<group>";
		};
		CB9DA10C27AD5F3100AC4C56 /* Cell */ = {
			isa = PBXGroup;
			children = (
			);
			path = Cell;
			sourceTree = "<group>";
		};
/* End PBXGroup section */

/* Begin PBXNativeTarget section */
		CB9DA0F227AD5C4100AC4C56 /* table-ViewHW4 */ = {
			isa = PBXNativeTarget;
			buildConfigurationList = CB9DA10727AD5C4300AC4C56 /* Build configuration list for PBXNativeTarget "table-ViewHW4" */;
			buildPhases = (
				CB9DA0EF27AD5C4100AC4C56 /* Sources */,
				CB9DA0F027AD5C4100AC4C56 /* Frameworks */,
				CB9DA0F127AD5C4100AC4C56 /* Resources */,
			);
			buildRules = (
			);
			dependencies = (
			);
			name = "table-ViewHW4";
			productName = "table-ViewHW4";
			productReference = CB9DA0F327AD5C4100AC4C56 /* table-ViewHW4.app */;
			productType = "com.apple.product-type.application";
		};
/* End PBXNativeTarget section */

/* Begin PBXProject section */
		CB9DA0EB27AD5C4100AC4C56 /* Project object */ = {
			isa = PBXProject;
			attributes = {
				BuildIndependentTargetsInParallel = 1;
				LastSwiftUpdateCheck = 1310;
				LastUpgradeCheck = 1310;
				TargetAttributes = {
					CB9DA0F227AD5C4100AC4C56 = {
						CreatedOnToolsVersion = 13.1;
					};
				};
			};
			buildConfigurationList = CB9DA0EE27AD5C4100AC4C56 /* Build configuration list for PBXProject "table-ViewHW4" */;
			compatibilityVersion = "Xcode 13.0";
			developmentRegion = en;
			hasScannedForEncodings = 0;
			knownRegions = (
				en,
				Base,
			);
			mainGroup = CB9DA0EA27AD5C4100AC4C56;
			productRefGroup = CB9DA0F427AD5C4100AC4C56 /* Products */;
			projectDirPath = "";
			projectRoot = "";
			targets = (
				CB9DA0F227AD5C4100AC4C56 /* table-ViewHW4 */,
			);
		};
/* End PBXProject section */

/* Begin PBXResourcesBuildPhase section */
		CB9DA0F127AD5C4100AC4C56 /* Resources */ = {
			isa = PBXResourcesBuildPhase;
			buildActionMask = 2147483647;
			files = (
				CB9DA10327AD5C4300AC4C56 /* LaunchScreen.storyboard in Resources */,
				CB9DA10027AD5C4300AC4C56 /* Assets.xcassets in Resources */,
				CB9DA0FE27AD5C4100AC4C56 /* Main.storyboard in Resources */,
			);
			runOnlyForDeploymentPostprocessing = 0;
		};
/* End PBXResourcesBuildPhase section */

/* Begin PBXSourcesBuildPhase section */
		CB9DA0EF27AD5C4100AC4C56 /* Sources */ = {
			isa = PBXSourcesBuildPhase;
			buildActionMask = 2147483647;
			files = (
				CB9DA11927AD631D00AC4C56 /* NotificationExtension.swift in Sources */,
				CB9DA11727AD628700AC4C56 /* ListenerViewController.swift in Sources */,
				CB9DA0FB27AD5C4100AC4C56 /* ViewController.swift in Sources */,
				CB9DA11527AD622500AC4C56 /* SenderViewController.swift in Sources */,
				CB9DA0F727AD5C4100AC4C56 /* AppDelegate.swift in Sources */,
				CB9DA0F927AD5C4100AC4C56 /* SceneDelegate.swift in Sources */,
			);
			runOnlyForDeploymentPostprocessing = 0;
		};
/* End PBXSourcesBuildPhase section */

/* Begin PBXVariantGroup section */
		CB9DA0FC27AD5C4100AC4C56 /* Main.storyboard */ = {
			isa = PBXVariantGroup;
			children = (
				CB9DA0FD27AD5C4100AC4C56 /* Base */,
			);
			name = Main.storyboard;
			sourceTree = "<group>";
		};
		CB9DA10127AD5C4300AC4C56 /* LaunchScreen.storyboard */ = {
			isa = PBXVariantGroup;
			children = (
				CB9DA10227AD5C4300AC4C56 /* Base */,
			);
			name = LaunchScreen.storyboard;
			sourceTree = "<group>";
		};
/* End PBXVariantGroup section */

/* Begin XCBuildConfiguration section */
		CB9DA10527AD5C4300AC4C56 /* Debug */ = {
			isa = XCBuildConfiguration;
			buildSettings = {
				ALWAYS_SEARCH_USER_PATHS = NO;
				CLANG_ANALYZER_NONNULL = YES;
				CLANG_ANALYZER_NUMBER_OBJECT_CONVERSION = YES_AGGRESSIVE;
				CLANG_CXX_LANGUAGE_STANDARD = "gnu++17";
				CLANG_CXX_LIBRARY = "libc++";
				CLANG_ENABLE_MODULES = YES;
				CLANG_ENABLE_OBJC_ARC = YES;
				CLANG_ENABLE_OBJC_WEAK = YES;
				CLANG_WARN_BLOCK_CAPTURE_AUTORELEASING = YES;
				CLANG_WARN_BOOL_CONVERSION = YES;
				CLANG_WARN_COMMA = YES;
				CLANG_WARN_CONSTANT_CONVERSION = YES;
				CLANG_WARN_DEPRECATED_OBJC_IMPLEMENTATIONS = YES;
				CLANG_WARN_DIRECT_OBJC_ISA_USAGE = YES_ERROR;
				CLANG_WARN_DOCUMENTATION_COMMENTS = YES;
				CLANG_WARN_EMPTY_BODY = YES;
				CLANG_WARN_ENUM_CONVERSION = YES;
				CLANG_WARN_INFINITE_RECURSION = YES;
				CLANG_WARN_INT_CONVERSION = YES;
				CLANG_WARN_NON_LITERAL_NULL_CONVERSION = YES;
				CLANG_WARN_OBJC_IMPLICIT_RETAIN_SELF = YES;
				CLANG_WARN_OBJC_LITERAL_CONVERSION = YES;
				CLANG_WARN_OBJC_ROOT_CLASS = YES_ERROR;
				CLANG_WARN_QUOTED_INCLUDE_IN_FRAMEWORK_HEADER = YES;
				CLANG_WARN_RANGE_LOOP_ANALYSIS = YES;
				CLANG_WARN_STRICT_PROTOTYPES = YES;
				CLANG_WARN_SUSPICIOUS_MOVE = YES;
				CLANG_WARN_UNGUARDED_AVAILABILITY = YES_AGGRESSIVE;
				CLANG_WARN_UNREACHABLE_CODE = YES;
				CLANG_WARN__DUPLICATE_METHOD_MATCH = YES;
				COPY_PHASE_STRIP = NO;
				DEBUG_INFORMATION_FORMAT = dwarf;
				ENABLE_STRICT_OBJC_MSGSEND = YES;
				ENABLE_TESTABILITY = YES;
				GCC_C_LANGUAGE_STANDARD = gnu11;
				GCC_DYNAMIC_NO_PIC = NO;
				GCC_NO_COMMON_BLOCKS = YES;
				GCC_OPTIMIZATION_LEVEL = 0;
				GCC_PREPROCESSOR_DEFINITIONS = (
					"DEBUG=1",
					"$(inherited)",
				);
				GCC_WARN_64_TO_32_BIT_CONVERSION = YES;
				GCC_WARN_ABOUT_RETURN_TYPE = YES_ERROR;
				GCC_WARN_UNDECLARED_SELECTOR = YES;
				GCC_WARN_UNINITIALIZED_AUTOS = YES_AGGRESSIVE;
				GCC_WARN_UNUSED_FUNCTION = YES;
				GCC_WARN_UNUSED_VARIABLE = YES;
				IPHONEOS_DEPLOYMENT_TARGET = 15.0;
				MTL_ENABLE_DEBUG_INFO = INCLUDE_SOURCE;
				MTL_FAST_MATH = YES;
				ONLY_ACTIVE_ARCH = YES;
				SDKROOT = iphoneos;
				SWIFT_ACTIVE_COMPILATION_CONDITIONS = DEBUG;
				SWIFT_OPTIMIZATION_LEVEL = "-Onone";
			};
			name = Debug;
		};
		CB9DA10627AD5C4300AC4C56 /* Release */ = {
			isa = XCBuildConfiguration;
			buildSettings = {
				ALWAYS_SEARCH_USER_PATHS = NO;
				CLANG_ANALYZER_NONNULL = YES;
				CLANG_ANALYZER_NUMBER_OBJECT_CONVERSION = YES_AGGRESSIVE;
				CLANG_CXX_LANGUAGE_STANDARD = "gnu++17";
				CLANG_CXX_LIBRARY = "libc++";
				CLANG_ENABLE_MODULES = YES;
				CLANG_ENABLE_OBJC_ARC = YES;
				CLANG_ENABLE_OBJC_WEAK = YES;
				CLANG_WARN_BLOCK_CAPTURE_AUTORELEASING = YES;
				CLANG_WARN_BOOL_CONVERSION = YES;
				CLANG_WARN_COMMA = YES;
				CLANG_WARN_CONSTANT_CONVERSION = YES;
				CLANG_WARN_DEPRECATED_OBJC_IMPLEMENTATIONS = YES;
				CLANG_WARN_DIRECT_OBJC_ISA_USAGE = YES_ERROR;
				CLANG_WARN_DOCUMENTATION_COMMENTS = YES;
				CLANG_WARN_EMPTY_BODY = YES;
				CLANG_WARN_ENUM_CONVERSION = YES;
				CLANG_WARN_INFINITE_RECURSION = YES;
				CLANG_WARN_INT_CONVERSION = YES;
				CLANG_WARN_NON_LITERAL_NULL_CONVERSION = YES;
				CLANG_WARN_OBJC_IMPLICIT_RETAIN_SELF = YES;
				CLANG_WARN_OBJC_LITERAL_CONVERSION = YES;
				CLANG_WARN_OBJC_ROOT_CLASS = YES_ERROR;
				CLANG_WARN_QUOTED_INCLUDE_IN_FRAMEWORK_HEADER = YES;
				CLANG_WARN_RANGE_LOOP_ANALYSIS = YES;
				CLANG_WARN_STRICT_PROTOTYPES = YES;
				CLANG_WARN_SUSPICIOUS_MOVE = YES;
				CLANG_WARN_UNGUARDED_AVAILABILITY = YES_AGGRESSIVE;
				CLANG_WARN_UNREACHABLE_CODE = YES;
				CLANG_WARN__DUPLICATE_METHOD_MATCH = YES;
				COPY_PHASE_STRIP = NO;
				DEBUG_INFORMATION_FORMAT = "dwarf-with-dsym";
				ENABLE_NS_ASSERTIONS = NO;
				ENABLE_STRICT_OBJC_MSGSEND = YES;
				GCC_C_LANGUAGE_STANDARD = gnu11;
				GCC_NO_COMMON_BLOCKS = YES;
				GCC_WARN_64_TO_32_BIT_CONVERSION = YES;
				GCC_WARN_ABOUT_RETURN_TYPE = YES_ERROR;
				GCC_WARN_UNDECLARED_SELECTOR = YES;
				GCC_WARN_UNINITIALIZED_AUTOS = YES_AGGRESSIVE;
				GCC_WARN_UNUSED_FUNCTION = YES;
				GCC_WARN_UNUSED_VARIABLE = YES;
				IPHONEOS_DEPLOYMENT_TARGET = 15.0;
				MTL_ENABLE_DEBUG_INFO = NO;
				MTL_FAST_MATH = YES;
				SDKROOT = iphoneos;
				SWIFT_COMPILATION_MODE = wholemodule;
				SWIFT_OPTIMIZATION_LEVEL = "-O";
				VALIDATE_PRODUCT = YES;
			};
			name = Release;
		};
		CB9DA10827AD5C4300AC4C56 /* Debug */ = {
			isa = XCBuildConfiguration;
			buildSettings = {
				ASSETCATALOG_COMPILER_APPICON_NAME = AppIcon;
				ASSETCATALOG_COMPILER_GLOBAL_ACCENT_COLOR_NAME = AccentColor;
				CODE_SIGN_STYLE = Automatic;
				CURRENT_PROJECT_VERSION = 1;
				DEVELOPMENT_TEAM = BVC2A96553;
				GENERATE_INFOPLIST_FILE = YES;
				INFOPLIST_FILE = "table-ViewHW4/Info.plist";
				INFOPLIST_KEY_UIApplicationSupportsIndirectInputEvents = YES;
				INFOPLIST_KEY_UILaunchStoryboardName = LaunchScreen;
				INFOPLIST_KEY_UIMainStoryboardFile = Main;
				INFOPLIST_KEY_UISupportedInterfaceOrientations_iPad = "UIInterfaceOrientationPortrait UIInterfaceOrientationPortraitUpsideDown UIInterfaceOrientationLandscapeLeft UIInterfaceOrientationLandscapeRight";
				INFOPLIST_KEY_UISupportedInterfaceOrientations_iPhone = "UIInterfaceOrientationPortrait UIInterfaceOrientationLandscapeLeft UIInterfaceOrientationLandscapeRight";
				LD_RUNPATH_SEARCH_PATHS = (
					"$(inherited)",
					"@executable_path/Frameworks",
				);
				MARKETING_VERSION = 1.0;
				PRODUCT_BUNDLE_IDENTIFIER = "hw.table-ViewHW4";
				PRODUCT_NAME = "$(TARGET_NAME)";
				SWIFT_EMIT_LOC_STRINGS = YES;
				SWIFT_VERSION = 5.0;
				TARGETED_DEVICE_FAMILY = "1,2";
			};
			name = Debug;
		};
		CB9DA10927AD5C4300AC4C56 /* Release */ = {
			isa = XCBuildConfiguration;
			buildSettings = {
				ASSETCATALOG_COMPILER_APPICON_NAME = AppIcon;
				ASSETCATALOG_COMPILER_GLOBAL_ACCENT_COLOR_NAME = AccentColor;
				CODE_SIGN_STYLE = Automatic;
				CURRENT_PROJECT_VERSION = 1;
				DEVELOPMENT_TEAM = BVC2A96553;
				GENERATE_INFOPLIST_FILE = YES;
				INFOPLIST_FILE = "table-ViewHW4/Info.plist";
				INFOPLIST_KEY_UIApplicationSupportsIndirectInputEvents = YES;
				INFOPLIST_KEY_UILaunchStoryboardName = LaunchScreen;
				INFOPLIST_KEY_UIMainStoryboardFile = Main;
				INFOPLIST_KEY_UISupportedInterfaceOrientations_iPad = "UIInterfaceOrientationPortrait UIInterfaceOrientationPortraitUpsideDown UIInterfaceOrientationLandscapeLeft UIInterfaceOrientationLandscapeRight";
				INFOPLIST_KEY_UISupportedInterfaceOrientations_iPhone = "UIInterfaceOrientationPortrait UIInterfaceOrientationLandscapeLeft UIInterfaceOrientationLandscapeRight";
				LD_RUNPATH_SEARCH_PATHS = (
					"$(inherited)",
					"@executable_path/Frameworks",
				);
				MARKETING_VERSION = 1.0;
				PRODUCT_BUNDLE_IDENTIFIER = "hw.table-ViewHW4";
				PRODUCT_NAME = "$(TARGET_NAME)";
				SWIFT_EMIT_LOC_STRINGS = YES;
				SWIFT_VERSION = 5.0;
				TARGETED_DEVICE_FAMILY = "1,2";
			};
			name = Release;
		};
/* End XCBuildConfiguration section */

/* Begin XCConfigurationList section */
		CB9DA0EE27AD5C4100AC4C56 /* Build configuration list for PBXProject "table-ViewHW4" */ = {
			isa = XCConfigurationList;
			buildConfigurations = (
				CB9DA10527AD5C4300AC4C56 /* Debug */,
				CB9DA10627AD5C4300AC4C56 /* Release */,
			);
			defaultConfigurationIsVisible = 0;
			defaultConfigurationName = Release;
		};
		CB9DA10727AD5C4300AC4C56 /* Build configuration list for PBXNativeTarget "table-ViewHW4" */ = {
			isa = XCConfigurationList;
			buildConfigurations = (
				CB9DA10827AD5C4300AC4C56 /* Debug */,
				CB9DA10927AD5C4300AC4C56 /* Release */,
			);
			defaultConfigurationIsVisible = 0;
			defaultConfigurationName = Release;
		};
/* End XCConfigurationList section */
	};
	rootObject = CB9DA0EB27AD5C4100AC4C56 /* Project object */;
}
