// !$*UTF8*$!
{
	archiveVersion = 1;
	classes = {
	};
	objectVersion = 55;
	objects = {

/* Begin PBXBuildFile section */
		CB7F0EDA27C806D2008D120F /* border.swift in Sources */ = {isa = PBXBuildFile; fileRef = CB7F0ED927C806D2008D120F /* border.swift */; };
		CBD4766B27C7B81400C932BC /* AppDelegate.swift in Sources */ = {isa = PBXBuildFile; fileRef = CBD4766A27C7B81400C932BC /* AppDelegate.swift */; };
		CBD4766D27C7B81400C932BC /* SceneDelegate.swift in Sources */ = {isa = PBXBuildFile; fileRef = CBD4766C27C7B81400C932BC /* SceneDelegate.swift */; };
		CBD4766F27C7B81400C932BC /* ViewController.swift in Sources */ = {isa = PBXBuildFile; fileRef = CBD4766E27C7B81400C932BC /* ViewController.swift */; };
		CBD4767227C7B81400C932BC /* Main.storyboard in Resources */ = {isa = PBXBuildFile; fileRef = CBD4767027C7B81400C932BC /* Main.storyboard */; };
		CBD4767527C7B81400C932BC /* mapHw.xcdatamodeld in Sources */ = {isa = PBXBuildFile; fileRef = CBD4767327C7B81400C932BC /* mapHw.xcdatamodeld */; };
		CBD4767727C7B81600C932BC /* Assets.xcassets in Resources */ = {isa = PBXBuildFile; fileRef = CBD4767627C7B81600C932BC /* Assets.xcassets */; };
		CBD4767A27C7B81600C932BC /* LaunchScreen.storyboard in Resources */ = {isa = PBXBuildFile; fileRef = CBD4767827C7B81600C932BC /* LaunchScreen.storyboard */; };
		CBD4768327C7B84100C932BC /* mapViewController.swift in Sources */ = {isa = PBXBuildFile; fileRef = CBD4768227C7B84100C932BC /* mapViewController.swift */; };
/* End PBXBuildFile section */

/* Begin PBXFileReference section */
		CB7F0ED927C806D2008D120F /* border.swift */ = {isa = PBXFileReference; lastKnownFileType = sourcecode.swift; path = border.swift; sourceTree = "<group>"; };
		CBD4766727C7B81400C932BC /* mapHw.app */ = {isa = PBXFileReference; explicitFileType = wrapper.application; includeInIndex = 0; path = mapHw.app; sourceTree = BUILT_PRODUCTS_DIR; };
		CBD4766A27C7B81400C932BC /* AppDelegate.swift */ = {isa = PBXFileReference; lastKnownFileType = sourcecode.swift; path = AppDelegate.swift; sourceTree = "<group>"; };
		CBD4766C27C7B81400C932BC /* SceneDelegate.swift */ = {isa = PBXFileReference; lastKnownFileType = sourcecode.swift; path = SceneDelegate.swift; sourceTree = "<group>"; };
		CBD4766E27C7B81400C932BC /* ViewController.swift */ = {isa = PBXFileReference; lastKnownFileType = sourcecode.swift; path = ViewController.swift; sourceTree = "<group>"; };
		CBD4767127C7B81400C932BC /* Base */ = {isa = PBXFileReference; lastKnownFileType = file.storyboard; name = Base; path = Base.lproj/Main.storyboard; sourceTree = "<group>"; };
		CBD4767427C7B81400C932BC /* mapHw.xcdatamodel */ = {isa = PBXFileReference; lastKnownFileType = wrapper.xcdatamodel; path = mapHw.xcdatamodel; sourceTree = "<group>"; };
		CBD4767627C7B81600C932BC /* Assets.xcassets */ = {isa = PBXFileReference; lastKnownFileType = folder.assetcatalog; path = Assets.xcassets; sourceTree = "<group>"; };
		CBD4767927C7B81600C932BC /* Base */ = {isa = PBXFileReference; lastKnownFileType = file.storyboard; name = Base; path = Base.lproj/LaunchScreen.storyboard; sourceTree = "<group>"; };
		CBD4767B27C7B81600C932BC /* Info.plist */ = {isa = PBXFileReference; lastKnownFileType = text.plist.xml; path = Info.plist; sourceTree = "<group>"; };
		CBD4768227C7B84100C932BC /* mapViewController.swift */ = {isa = PBXFileReference; lastKnownFileType = sourcecode.swift; path = mapViewController.swift; sourceTree = "<group>"; };
/* End PBXFileReference section */

/* Begin PBXFrameworksBuildPhase section */
		CBD4766427C7B81400C932BC /* Frameworks */ = {
			isa = PBXFrameworksBuildPhase;
			buildActionMask = 2147483647;
			files = (
			);
			runOnlyForDeploymentPostprocessing = 0;
		};
/* End PBXFrameworksBuildPhase section */

/* Begin PBXGroup section */
		CB7F0ED627C8034F008D120F /* Extensions */ = {
			isa = PBXGroup;
			children = (
				CB7F0ED927C806D2008D120F /* border.swift */,
			);
			path = Extensions;
			sourceTree = "<group>";
		};
		CBD4765E27C7B81400C932BC = {
			isa = PBXGroup;
			children = (
				CBD4766927C7B81400C932BC /* mapHw */,
				CBD4766827C7B81400C932BC /* Products */,
			);
			sourceTree = "<group>";
		};
		CBD4766827C7B81400C932BC /* Products */ = {
			isa = PBXGroup;
			children = (
				CBD4766727C7B81400C932BC /* mapHw.app */,
			);
			name = Products;
			sourceTree = "<group>";
		};
		CBD4766927C7B81400C932BC /* mapHw */ = {
			isa = PBXGroup;
			children = (
				CB7F0ED627C8034F008D120F /* Extensions */,
				CBD4768127C7B82700C932BC /* Models */,
				CBD4766A27C7B81400C932BC /* AppDelegate.swift */,
				CBD4766C27C7B81400C932BC /* SceneDelegate.swift */,
				CBD4767027C7B81400C932BC /* Main.storyboard */,
				CBD4767627C7B81600C932BC /* Assets.xcassets */,
				CBD4767827C7B81600C932BC /* LaunchScreen.storyboard */,
				CBD4767B27C7B81600C932BC /* Info.plist */,
				CBD4767327C7B81400C932BC /* mapHw.xcdatamodeld */,
			);
			path = mapHw;
			sourceTree = "<group>";
		};
		CBD4768127C7B82700C932BC /* Models */ = {
			isa = PBXGroup;
			children = (
				CBD4766E27C7B81400C932BC /* ViewController.swift */,
				CBD4768227C7B84100C932BC /* mapViewController.swift */,
			);
			path = Models;
			sourceTree = "<group>";
		};
/* End PBXGroup section */

/* Begin PBXNativeTarget section */
		CBD4766627C7B81400C932BC /* mapHw */ = {
			isa = PBXNativeTarget;
			buildConfigurationList = CBD4767E27C7B81600C932BC /* Build configuration list for PBXNativeTarget "mapHw" */;
			buildPhases = (
				CBD4766327C7B81400C932BC /* Sources */,
				CBD4766427C7B81400C932BC /* Frameworks */,
				CBD4766527C7B81400C932BC /* Resources */,
			);
			buildRules = (
			);
			dependencies = (
			);
			name = mapHw;
			productName = mapHw;
			productReference = CBD4766727C7B81400C932BC /* mapHw.app */;
			productType = "com.apple.product-type.application";
		};
/* End PBXNativeTarget section */

/* Begin PBXProject section */
		CBD4765F27C7B81400C932BC /* Project object */ = {
			isa = PBXProject;
			attributes = {
				BuildIndependentTargetsInParallel = 1;
				LastSwiftUpdateCheck = 1310;
				LastUpgradeCheck = 1310;
				TargetAttributes = {
					CBD4766627C7B81400C932BC = {
						CreatedOnToolsVersion = 13.1;
					};
				};
			};
			buildConfigurationList = CBD4766227C7B81400C932BC /* Build configuration list for PBXProject "mapHw" */;
			compatibilityVersion = "Xcode 13.0";
			developmentRegion = en;
			hasScannedForEncodings = 0;
			knownRegions = (
				en,
				Base,
			);
			mainGroup = CBD4765E27C7B81400C932BC;
			productRefGroup = CBD4766827C7B81400C932BC /* Products */;
			projectDirPath = "";
			projectRoot = "";
			targets = (
				CBD4766627C7B81400C932BC /* mapHw */,
			);
		};
/* End PBXProject section */

/* Begin PBXResourcesBuildPhase section */
		CBD4766527C7B81400C932BC /* Resources */ = {
			isa = PBXResourcesBuildPhase;
			buildActionMask = 2147483647;
			files = (
				CBD4767A27C7B81600C932BC /* LaunchScreen.storyboard in Resources */,
				CBD4767727C7B81600C932BC /* Assets.xcassets in Resources */,
				CBD4767227C7B81400C932BC /* Main.storyboard in Resources */,
			);
			runOnlyForDeploymentPostprocessing = 0;
		};
/* End PBXResourcesBuildPhase section */

/* Begin PBXSourcesBuildPhase section */
		CBD4766327C7B81400C932BC /* Sources */ = {
			isa = PBXSourcesBuildPhase;
			buildActionMask = 2147483647;
			files = (
				CBD4766F27C7B81400C932BC /* ViewController.swift in Sources */,
				CBD4768327C7B84100C932BC /* mapViewController.swift in Sources */,
				CB7F0EDA27C806D2008D120F /* border.swift in Sources */,
				CBD4766B27C7B81400C932BC /* AppDelegate.swift in Sources */,
				CBD4766D27C7B81400C932BC /* SceneDelegate.swift in Sources */,
				CBD4767527C7B81400C932BC /* mapHw.xcdatamodeld in Sources */,
			);
			runOnlyForDeploymentPostprocessing = 0;
		};
/* End PBXSourcesBuildPhase section */

/* Begin PBXVariantGroup section */
		CBD4767027C7B81400C932BC /* Main.storyboard */ = {
			isa = PBXVariantGroup;
			children = (
				CBD4767127C7B81400C932BC /* Base */,
			);
			name = Main.storyboard;
			sourceTree = "<group>";
		};
		CBD4767827C7B81600C932BC /* LaunchScreen.storyboard */ = {
			isa = PBXVariantGroup;
			children = (
				CBD4767927C7B81600C932BC /* Base */,
			);
			name = LaunchScreen.storyboard;
			sourceTree = "<group>";
		};
/* End PBXVariantGroup section */

/* Begin XCBuildConfiguration section */
		CBD4767C27C7B81600C932BC /* Debug */ = {
			isa = XCBuildConfiguration;
			buildSettings = {
				ALWAYS_SEARCH_USER_PATHS = NO;
				CLANG_ANALYZER_NONNULL = YES;
				CLANG_ANALYZER_NUMBER_OBJECT_CONVERSION = YES_AGGRESSIVE;
				CLANG_CXX_LANGUAGE_STANDARD = "gnu++17";
				CLANG_CXX_LIBRARY = "libc++";
				CLANG_ENABLE_MODULES = YES;
				CLANG_ENABLE_OBJC_ARC = YES;
				CLANG_ENABLE_OBJC_WEAK = YES;
				CLANG_WARN_BLOCK_CAPTURE_AUTORELEASING = YES;
				CLANG_WARN_BOOL_CONVERSION = YES;
				CLANG_WARN_COMMA = YES;
				CLANG_WARN_CONSTANT_CONVERSION = YES;
				CLANG_WARN_DEPRECATED_OBJC_IMPLEMENTATIONS = YES;
				CLANG_WARN_DIRECT_OBJC_ISA_USAGE = YES_ERROR;
				CLANG_WARN_DOCUMENTATION_COMMENTS = YES;
				CLANG_WARN_EMPTY_BODY = YES;
				CLANG_WARN_ENUM_CONVERSION = YES;
				CLANG_WARN_INFINITE_RECURSION = YES;
				CLANG_WARN_INT_CONVERSION = YES;
				CLANG_WARN_NON_LITERAL_NULL_CONVERSION = YES;
				CLANG_WARN_OBJC_IMPLICIT_RETAIN_SELF = YES;
				CLANG_WARN_OBJC_LITERAL_CONVERSION = YES;
				CLANG_WARN_OBJC_ROOT_CLASS = YES_ERROR;
				CLANG_WARN_QUOTED_INCLUDE_IN_FRAMEWORK_HEADER = YES;
				CLANG_WARN_RANGE_LOOP_ANALYSIS = YES;
				CLANG_WARN_STRICT_PROTOTYPES = YES;
				CLANG_WARN_SUSPICIOUS_MOVE = YES;
				CLANG_WARN_UNGUARDED_AVAILABILITY = YES_AGGRESSIVE;
				CLANG_WARN_UNREACHABLE_CODE = YES;
				CLANG_WARN__DUPLICATE_METHOD_MATCH = YES;
				COPY_PHASE_STRIP = NO;
				DEBUG_INFORMATION_FORMAT = dwarf;
				ENABLE_STRICT_OBJC_MSGSEND = YES;
				ENABLE_TESTABILITY = YES;
				GCC_C_LANGUAGE_STANDARD = gnu11;
				GCC_DYNAMIC_NO_PIC = NO;
				GCC_NO_COMMON_BLOCKS = YES;
				GCC_OPTIMIZATION_LEVEL = 0;
				GCC_PREPROCESSOR_DEFINITIONS = (
					"DEBUG=1",
					"$(inherited)",
				);
				GCC_WARN_64_TO_32_BIT_CONVERSION = YES;
				GCC_WARN_ABOUT_RETURN_TYPE = YES_ERROR;
				GCC_WARN_UNDECLARED_SELECTOR = YES;
				GCC_WARN_UNINITIALIZED_AUTOS = YES_AGGRESSIVE;
				GCC_WARN_UNUSED_FUNCTION = YES;
				GCC_WARN_UNUSED_VARIABLE = YES;
				IPHONEOS_DEPLOYMENT_TARGET = 15.0;
				MTL_ENABLE_DEBUG_INFO = INCLUDE_SOURCE;
				MTL_FAST_MATH = YES;
				ONLY_ACTIVE_ARCH = YES;
				SDKROOT = iphoneos;
				SWIFT_ACTIVE_COMPILATION_CONDITIONS = DEBUG;
				SWIFT_OPTIMIZATION_LEVEL = "-Onone";
			};
			name = Debug;
		};
		CBD4767D27C7B81600C932BC /* Release */ = {
			isa = XCBuildConfiguration;
			buildSettings = {
				ALWAYS_SEARCH_USER_PATHS = NO;
				CLANG_ANALYZER_NONNULL = YES;
				CLANG_ANALYZER_NUMBER_OBJECT_CONVERSION = YES_AGGRESSIVE;
				CLANG_CXX_LANGUAGE_STANDARD = "gnu++17";
				CLANG_CXX_LIBRARY = "libc++";
				CLANG_ENABLE_MODULES = YES;
				CLANG_ENABLE_OBJC_ARC = YES;
				CLANG_ENABLE_OBJC_WEAK = YES;
				CLANG_WARN_BLOCK_CAPTURE_AUTORELEASING = YES;
				CLANG_WARN_BOOL_CONVERSION = YES;
				CLANG_WARN_COMMA = YES;
				CLANG_WARN_CONSTANT_CONVERSION = YES;
				CLANG_WARN_DEPRECATED_OBJC_IMPLEMENTATIONS = YES;
				CLANG_WARN_DIRECT_OBJC_ISA_USAGE = YES_ERROR;
				CLANG_WARN_DOCUMENTATION_COMMENTS = YES;
				CLANG_WARN_EMPTY_BODY = YES;
				CLANG_WARN_ENUM_CONVERSION = YES;
				CLANG_WARN_INFINITE_RECURSION = YES;
				CLANG_WARN_INT_CONVERSION = YES;
				CLANG_WARN_NON_LITERAL_NULL_CONVERSION = YES;
				CLANG_WARN_OBJC_IMPLICIT_RETAIN_SELF = YES;
				CLANG_WARN_OBJC_LITERAL_CONVERSION = YES;
				CLANG_WARN_OBJC_ROOT_CLASS = YES_ERROR;
				CLANG_WARN_QUOTED_INCLUDE_IN_FRAMEWORK_HEADER = YES;
				CLANG_WARN_RANGE_LOOP_ANALYSIS = YES;
				CLANG_WARN_STRICT_PROTOTYPES = YES;
				CLANG_WARN_SUSPICIOUS_MOVE = YES;
				CLANG_WARN_UNGUARDED_AVAILABILITY = YES_AGGRESSIVE;
				CLANG_WARN_UNREACHABLE_CODE = YES;
				CLANG_WARN__DUPLICATE_METHOD_MATCH = YES;
				COPY_PHASE_STRIP = NO;
				DEBUG_INFORMATION_FORMAT = "dwarf-with-dsym";
				ENABLE_NS_ASSERTIONS = NO;
				ENABLE_STRICT_OBJC_MSGSEND = YES;
				GCC_C_LANGUAGE_STANDARD = gnu11;
				GCC_NO_COMMON_BLOCKS = YES;
				GCC_WARN_64_TO_32_BIT_CONVERSION = YES;
				GCC_WARN_ABOUT_RETURN_TYPE = YES_ERROR;
				GCC_WARN_UNDECLARED_SELECTOR = YES;
				GCC_WARN_UNINITIALIZED_AUTOS = YES_AGGRESSIVE;
				GCC_WARN_UNUSED_FUNCTION = YES;
				GCC_WARN_UNUSED_VARIABLE = YES;
				IPHONEOS_DEPLOYMENT_TARGET = 15.0;
				MTL_ENABLE_DEBUG_INFO = NO;
				MTL_FAST_MATH = YES;
				SDKROOT = iphoneos;
				SWIFT_COMPILATION_MODE = wholemodule;
				SWIFT_OPTIMIZATION_LEVEL = "-O";
				VALIDATE_PRODUCT = YES;
			};
			name = Release;
		};
		CBD4767F27C7B81600C932BC /* Debug */ = {
			isa = XCBuildConfiguration;
			buildSettings = {
				ASSETCATALOG_COMPILER_APPICON_NAME = AppIcon;
				ASSETCATALOG_COMPILER_GLOBAL_ACCENT_COLOR_NAME = AccentColor;
				CODE_SIGN_STYLE = Automatic;
				CURRENT_PROJECT_VERSION = 1;
				DEVELOPMENT_TEAM = BVC2A96553;
				GENERATE_INFOPLIST_FILE = YES;
				INFOPLIST_FILE = mapHw/Info.plist;
				INFOPLIST_KEY_UIApplicationSupportsIndirectInputEvents = YES;
				INFOPLIST_KEY_UILaunchStoryboardName = LaunchScreen;
				INFOPLIST_KEY_UIMainStoryboardFile = Main;
				INFOPLIST_KEY_UISupportedInterfaceOrientations_iPad = "UIInterfaceOrientationPortrait UIInterfaceOrientationPortraitUpsideDown UIInterfaceOrientationLandscapeLeft UIInterfaceOrientationLandscapeRight";
				INFOPLIST_KEY_UISupportedInterfaceOrientations_iPhone = "UIInterfaceOrientationPortrait UIInterfaceOrientationLandscapeLeft UIInterfaceOrientationLandscapeRight";
				LD_RUNPATH_SEARCH_PATHS = (
					"$(inherited)",
					"@executable_path/Frameworks",
				);
				MARKETING_VERSION = 1.0;
				PRODUCT_BUNDLE_IDENTIFIER = hw.mapHw;
				PRODUCT_NAME = "$(TARGET_NAME)";
				SWIFT_EMIT_LOC_STRINGS = YES;
				SWIFT_VERSION = 5.0;
				TARGETED_DEVICE_FAMILY = "1,2";
			};
			name = Debug;
		};
		CBD4768027C7B81600C932BC /* Release */ = {
			isa = XCBuildConfiguration;
			buildSettings = {
				ASSETCATALOG_COMPILER_APPICON_NAME = AppIcon;
				ASSETCATALOG_COMPILER_GLOBAL_ACCENT_COLOR_NAME = AccentColor;
				CODE_SIGN_STYLE = Automatic;
				CURRENT_PROJECT_VERSION = 1;
				DEVELOPMENT_TEAM = BVC2A96553;
				GENERATE_INFOPLIST_FILE = YES;
				INFOPLIST_FILE = mapHw/Info.plist;
				INFOPLIST_KEY_UIApplicationSupportsIndirectInputEvents = YES;
				INFOPLIST_KEY_UILaunchStoryboardName = LaunchScreen;
				INFOPLIST_KEY_UIMainStoryboardFile = Main;
				INFOPLIST_KEY_UISupportedInterfaceOrientations_iPad = "UIInterfaceOrientationPortrait UIInterfaceOrientationPortraitUpsideDown UIInterfaceOrientationLandscapeLeft UIInterfaceOrientationLandscapeRight";
				INFOPLIST_KEY_UISupportedInterfaceOrientations_iPhone = "UIInterfaceOrientationPortrait UIInterfaceOrientationLandscapeLeft UIInterfaceOrientationLandscapeRight";
				LD_RUNPATH_SEARCH_PATHS = (
					"$(inherited)",
					"@executable_path/Frameworks",
				);
				MARKETING_VERSION = 1.0;
				PRODUCT_BUNDLE_IDENTIFIER = hw.mapHw;
				PRODUCT_NAME = "$(TARGET_NAME)";
				SWIFT_EMIT_LOC_STRINGS = YES;
				SWIFT_VERSION = 5.0;
				TARGETED_DEVICE_FAMILY = "1,2";
			};
			name = Release;
		};
/* End XCBuildConfiguration section */

/* Begin XCConfigurationList section */
		CBD4766227C7B81400C932BC /* Build configuration list for PBXProject "mapHw" */ = {
			isa = XCConfigurationList;
			buildConfigurations = (
				CBD4767C27C7B81600C932BC /* Debug */,
				CBD4767D27C7B81600C932BC /* Release */,
			);
			defaultConfigurationIsVisible = 0;
			defaultConfigurationName = Release;
		};
		CBD4767E27C7B81600C932BC /* Build configuration list for PBXNativeTarget "mapHw" */ = {
			isa = XCConfigurationList;
			buildConfigurations = (
				CBD4767F27C7B81600C932BC /* Debug */,
				CBD4768027C7B81600C932BC /* Release */,
			);
			defaultConfigurationIsVisible = 0;
			defaultConfigurationName = Release;
		};
/* End XCConfigurationList section */

/* Begin XCVersionGroup section */
		CBD4767327C7B81400C932BC /* mapHw.xcdatamodeld */ = {
			isa = XCVersionGroup;
			children = (
				CBD4767427C7B81400C932BC /* mapHw.xcdatamodel */,
			);
			currentVersion = CBD4767427C7B81400C932BC /* mapHw.xcdatamodel */;
			path = mapHw.xcdatamodeld;
			sourceTree = "<group>";
			versionGroupType = wrapper.xcdatamodel;
		};
/* End XCVersionGroup section */
	};
	rootObject = CBD4765F27C7B81400C932BC /* Project object */;
}
