// !$*UTF8*$!
{
	archiveVersion = 1;
	classes = {
	};
	objectVersion = 55;
	objects = {

/* Begin PBXBuildFile section */
		CB96A6CE27AB167800D2180A /* AppDelegate.swift in Sources */ = {isa = PBXBuildFile; fileRef = CB96A6CD27AB167800D2180A /* AppDelegate.swift */; };
		CB96A6D027AB167800D2180A /* SceneDelegate.swift in Sources */ = {isa = PBXBuildFile; fileRef = CB96A6CF27AB167800D2180A /* SceneDelegate.swift */; };
		CB96A6D227AB167800D2180A /* ViewController.swift in Sources */ = {isa = PBXBuildFile; fileRef = CB96A6D127AB167800D2180A /* ViewController.swift */; };
		CB96A6D527AB167800D2180A /* Main.storyboard in Resources */ = {isa = PBXBuildFile; fileRef = CB96A6D327AB167800D2180A /* Main.storyboard */; };
		CB96A6D727AB167A00D2180A /* Assets.xcassets in Resources */ = {isa = PBXBuildFile; fileRef = CB96A6D627AB167A00D2180A /* Assets.xcassets */; };
		CB96A6DA27AB167A00D2180A /* LaunchScreen.storyboard in Resources */ = {isa = PBXBuildFile; fileRef = CB96A6D827AB167A00D2180A /* LaunchScreen.storyboard */; };
		CB96A6E327AB1A6600D2180A /* NotificationListenerVC.swift in Sources */ = {isa = PBXBuildFile; fileRef = CB96A6E227AB1A6600D2180A /* NotificationListenerVC.swift */; };
		CB96A6E527AB1A7800D2180A /* NotificationSenderVC.swift in Sources */ = {isa = PBXBuildFile; fileRef = CB96A6E427AB1A7800D2180A /* NotificationSenderVC.swift */; };
		CB96A6E727AB1ADA00D2180A /* NotificationExtension.swift in Sources */ = {isa = PBXBuildFile; fileRef = CB96A6E627AB1ADA00D2180A /* NotificationExtension.swift */; };
/* End PBXBuildFile section */

/* Begin PBXFileReference section */
		CB96A6CA27AB167800D2180A /* Week4Hw.app */ = {isa = PBXFileReference; explicitFileType = wrapper.application; includeInIndex = 0; path = Week4Hw.app; sourceTree = BUILT_PRODUCTS_DIR; };
		CB96A6CD27AB167800D2180A /* AppDelegate.swift */ = {isa = PBXFileReference; lastKnownFileType = sourcecode.swift; path = AppDelegate.swift; sourceTree = "<group>"; };
		CB96A6CF27AB167800D2180A /* SceneDelegate.swift */ = {isa = PBXFileReference; lastKnownFileType = sourcecode.swift; path = SceneDelegate.swift; sourceTree = "<group>"; };
		CB96A6D127AB167800D2180A /* ViewController.swift */ = {isa = PBXFileReference; lastKnownFileType = sourcecode.swift; path = ViewController.swift; sourceTree = "<group>"; };
		CB96A6D427AB167800D2180A /* Base */ = {isa = PBXFileReference; lastKnownFileType = file.storyboard; name = Base; path = Base.lproj/Main.storyboard; sourceTree = "<group>"; };
		CB96A6D627AB167A00D2180A /* Assets.xcassets */ = {isa = PBXFileReference; lastKnownFileType = folder.assetcatalog; path = Assets.xcassets; sourceTree = "<group>"; };
		CB96A6D927AB167A00D2180A /* Base */ = {isa = PBXFileReference; lastKnownFileType = file.storyboard; name = Base; path = Base.lproj/LaunchScreen.storyboard; sourceTree = "<group>"; };
		CB96A6DB27AB167A00D2180A /* Info.plist */ = {isa = PBXFileReference; lastKnownFileType = text.plist.xml; path = Info.plist; sourceTree = "<group>"; };
		CB96A6E227AB1A6600D2180A /* NotificationListenerVC.swift */ = {isa = PBXFileReference; lastKnownFileType = sourcecode.swift; path = NotificationListenerVC.swift; sourceTree = "<group>"; };
		CB96A6E427AB1A7800D2180A /* NotificationSenderVC.swift */ = {isa = PBXFileReference; lastKnownFileType = sourcecode.swift; path = NotificationSenderVC.swift; sourceTree = "<group>"; };
		CB96A6E627AB1ADA00D2180A /* NotificationExtension.swift */ = {isa = PBXFileReference; lastKnownFileType = sourcecode.swift; path = NotificationExtension.swift; sourceTree = "<group>"; };
/* End PBXFileReference section */

/* Begin PBXFrameworksBuildPhase section */
		CB96A6C727AB167800D2180A /* Frameworks */ = {
			isa = PBXFrameworksBuildPhase;
			buildActionMask = 2147483647;
			files = (
			);
			runOnlyForDeploymentPostprocessing = 0;
		};
/* End PBXFrameworksBuildPhase section */

/* Begin PBXGroup section */
		CB96A6C127AB167800D2180A = {
			isa = PBXGroup;
			children = (
				CB96A6CC27AB167800D2180A /* Week4Hw */,
				CB96A6CB27AB167800D2180A /* Products */,
			);
			sourceTree = "<group>";
		};
		CB96A6CB27AB167800D2180A /* Products */ = {
			isa = PBXGroup;
			children = (
				CB96A6CA27AB167800D2180A /* Week4Hw.app */,
			);
			name = Products;
			sourceTree = "<group>";
		};
		CB96A6CC27AB167800D2180A /* Week4Hw */ = {
			isa = PBXGroup;
			children = (
				CB96A6E127AB168800D2180A /* NotificationCenter */,
				CB96A6CD27AB167800D2180A /* AppDelegate.swift */,
				CB96A6CF27AB167800D2180A /* SceneDelegate.swift */,
				CB96A6D127AB167800D2180A /* ViewController.swift */,
				CB96A6D327AB167800D2180A /* Main.storyboard */,
				CB96A6D627AB167A00D2180A /* Assets.xcassets */,
				CB96A6D827AB167A00D2180A /* LaunchScreen.storyboard */,
				CB96A6DB27AB167A00D2180A /* Info.plist */,
			);
			path = Week4Hw;
			sourceTree = "<group>";
		};
		CB96A6E127AB168800D2180A /* NotificationCenter */ = {
			isa = PBXGroup;
			children = (
				CB96A6E227AB1A6600D2180A /* NotificationListenerVC.swift */,
				CB96A6E427AB1A7800D2180A /* NotificationSenderVC.swift */,
				CB96A6E627AB1ADA00D2180A /* NotificationExtension.swift */,
			);
			path = NotificationCenter;
			sourceTree = "<group>";
		};
/* End PBXGroup section */

/* Begin PBXNativeTarget section */
		CB96A6C927AB167800D2180A /* Week4Hw */ = {
			isa = PBXNativeTarget;
			buildConfigurationList = CB96A6DE27AB167A00D2180A /* Build configuration list for PBXNativeTarget "Week4Hw" */;
			buildPhases = (
				CB96A6C627AB167800D2180A /* Sources */,
				CB96A6C727AB167800D2180A /* Frameworks */,
				CB96A6C827AB167800D2180A /* Resources */,
			);
			buildRules = (
			);
			dependencies = (
			);
			name = Week4Hw;
			productName = Week4Hw;
			productReference = CB96A6CA27AB167800D2180A /* Week4Hw.app */;
			productType = "com.apple.product-type.application";
		};
/* End PBXNativeTarget section */

/* Begin PBXProject section */
		CB96A6C227AB167800D2180A /* Project object */ = {
			isa = PBXProject;
			attributes = {
				BuildIndependentTargetsInParallel = 1;
				LastSwiftUpdateCheck = 1310;
				LastUpgradeCheck = 1310;
				TargetAttributes = {
					CB96A6C927AB167800D2180A = {
						CreatedOnToolsVersion = 13.1;
					};
				};
			};
			buildConfigurationList = CB96A6C527AB167800D2180A /* Build configuration list for PBXProject "Week4Hw" */;
			compatibilityVersion = "Xcode 13.0";
			developmentRegion = en;
			hasScannedForEncodings = 0;
			knownRegions = (
				en,
				Base,
			);
			mainGroup = CB96A6C127AB167800D2180A;
			productRefGroup = CB96A6CB27AB167800D2180A /* Products */;
			projectDirPath = "";
			projectRoot = "";
			targets = (
				CB96A6C927AB167800D2180A /* Week4Hw */,
			);
		};
/* End PBXProject section */

/* Begin PBXResourcesBuildPhase section */
		CB96A6C827AB167800D2180A /* Resources */ = {
			isa = PBXResourcesBuildPhase;
			buildActionMask = 2147483647;
			files = (
				CB96A6DA27AB167A00D2180A /* LaunchScreen.storyboard in Resources */,
				CB96A6D727AB167A00D2180A /* Assets.xcassets in Resources */,
				CB96A6D527AB167800D2180A /* Main.storyboard in Resources */,
			);
			runOnlyForDeploymentPostprocessing = 0;
		};
/* End PBXResourcesBuildPhase section */

/* Begin PBXSourcesBuildPhase section */
		CB96A6C627AB167800D2180A /* Sources */ = {
			isa = PBXSourcesBuildPhase;
			buildActionMask = 2147483647;
			files = (
				CB96A6E727AB1ADA00D2180A /* NotificationExtension.swift in Sources */,
				CB96A6E527AB1A7800D2180A /* NotificationSenderVC.swift in Sources */,
				CB96A6D227AB167800D2180A /* ViewController.swift in Sources */,
				CB96A6E327AB1A6600D2180A /* NotificationListenerVC.swift in Sources */,
				CB96A6CE27AB167800D2180A /* AppDelegate.swift in Sources */,
				CB96A6D027AB167800D2180A /* SceneDelegate.swift in Sources */,
			);
			runOnlyForDeploymentPostprocessing = 0;
		};
/* End PBXSourcesBuildPhase section */

/* Begin PBXVariantGroup section */
		CB96A6D327AB167800D2180A /* Main.storyboard */ = {
			isa = PBXVariantGroup;
			children = (
				CB96A6D427AB167800D2180A /* Base */,
			);
			name = Main.storyboard;
			sourceTree = "<group>";
		};
		CB96A6D827AB167A00D2180A /* LaunchScreen.storyboard */ = {
			isa = PBXVariantGroup;
			children = (
				CB96A6D927AB167A00D2180A /* Base */,
			);
			name = LaunchScreen.storyboard;
			sourceTree = "<group>";
		};
/* End PBXVariantGroup section */

/* Begin XCBuildConfiguration section */
		CB96A6DC27AB167A00D2180A /* Debug */ = {
			isa = XCBuildConfiguration;
			buildSettings = {
				ALWAYS_SEARCH_USER_PATHS = NO;
				CLANG_ANALYZER_NONNULL = YES;
				CLANG_ANALYZER_NUMBER_OBJECT_CONVERSION = YES_AGGRESSIVE;
				CLANG_CXX_LANGUAGE_STANDARD = "gnu++17";
				CLANG_CXX_LIBRARY = "libc++";
				CLANG_ENABLE_MODULES = YES;
				CLANG_ENABLE_OBJC_ARC = YES;
				CLANG_ENABLE_OBJC_WEAK = YES;
				CLANG_WARN_BLOCK_CAPTURE_AUTORELEASING = YES;
				CLANG_WARN_BOOL_CONVERSION = YES;
				CLANG_WARN_COMMA = YES;
				CLANG_WARN_CONSTANT_CONVERSION = YES;
				CLANG_WARN_DEPRECATED_OBJC_IMPLEMENTATIONS = YES;
				CLANG_WARN_DIRECT_OBJC_ISA_USAGE = YES_ERROR;
				CLANG_WARN_DOCUMENTATION_COMMENTS = YES;
				CLANG_WARN_EMPTY_BODY = YES;
				CLANG_WARN_ENUM_CONVERSION = YES;
				CLANG_WARN_INFINITE_RECURSION = YES;
				CLANG_WARN_INT_CONVERSION = YES;
				CLANG_WARN_NON_LITERAL_NULL_CONVERSION = YES;
				CLANG_WARN_OBJC_IMPLICIT_RETAIN_SELF = YES;
				CLANG_WARN_OBJC_LITERAL_CONVERSION = YES;
				CLANG_WARN_OBJC_ROOT_CLASS = YES_ERROR;
				CLANG_WARN_QUOTED_INCLUDE_IN_FRAMEWORK_HEADER = YES;
				CLANG_WARN_RANGE_LOOP_ANALYSIS = YES;
				CLANG_WARN_STRICT_PROTOTYPES = YES;
				CLANG_WARN_SUSPICIOUS_MOVE = YES;
				CLANG_WARN_UNGUARDED_AVAILABILITY = YES_AGGRESSIVE;
				CLANG_WARN_UNREACHABLE_CODE = YES;
				CLANG_WARN__DUPLICATE_METHOD_MATCH = YES;
				COPY_PHASE_STRIP = NO;
				DEBUG_INFORMATION_FORMAT = dwarf;
				ENABLE_STRICT_OBJC_MSGSEND = YES;
				ENABLE_TESTABILITY = YES;
				GCC_C_LANGUAGE_STANDARD = gnu11;
				GCC_DYNAMIC_NO_PIC = NO;
				GCC_NO_COMMON_BLOCKS = YES;
				GCC_OPTIMIZATION_LEVEL = 0;
				GCC_PREPROCESSOR_DEFINITIONS = (
					"DEBUG=1",
					"$(inherited)",
				);
				GCC_WARN_64_TO_32_BIT_CONVERSION = YES;
				GCC_WARN_ABOUT_RETURN_TYPE = YES_ERROR;
				GCC_WARN_UNDECLARED_SELECTOR = YES;
				GCC_WARN_UNINITIALIZED_AUTOS = YES_AGGRESSIVE;
				GCC_WARN_UNUSED_FUNCTION = YES;
				GCC_WARN_UNUSED_VARIABLE = YES;
				IPHONEOS_DEPLOYMENT_TARGET = 15.0;
				MTL_ENABLE_DEBUG_INFO = INCLUDE_SOURCE;
				MTL_FAST_MATH = YES;
				ONLY_ACTIVE_ARCH = YES;
				SDKROOT = iphoneos;
				SWIFT_ACTIVE_COMPILATION_CONDITIONS = DEBUG;
				SWIFT_OPTIMIZATION_LEVEL = "-Onone";
			};
			name = Debug;
		};
		CB96A6DD27AB167A00D2180A /* Release */ = {
			isa = XCBuildConfiguration;
			buildSettings = {
				ALWAYS_SEARCH_USER_PATHS = NO;
				CLANG_ANALYZER_NONNULL = YES;
				CLANG_ANALYZER_NUMBER_OBJECT_CONVERSION = YES_AGGRESSIVE;
				CLANG_CXX_LANGUAGE_STANDARD = "gnu++17";
				CLANG_CXX_LIBRARY = "libc++";
				CLANG_ENABLE_MODULES = YES;
				CLANG_ENABLE_OBJC_ARC = YES;
				CLANG_ENABLE_OBJC_WEAK = YES;
				CLANG_WARN_BLOCK_CAPTURE_AUTORELEASING = YES;
				CLANG_WARN_BOOL_CONVERSION = YES;
				CLANG_WARN_COMMA = YES;
				CLANG_WARN_CONSTANT_CONVERSION = YES;
				CLANG_WARN_DEPRECATED_OBJC_IMPLEMENTATIONS = YES;
				CLANG_WARN_DIRECT_OBJC_ISA_USAGE = YES_ERROR;
				CLANG_WARN_DOCUMENTATION_COMMENTS = YES;
				CLANG_WARN_EMPTY_BODY = YES;
				CLANG_WARN_ENUM_CONVERSION = YES;
				CLANG_WARN_INFINITE_RECURSION = YES;
				CLANG_WARN_INT_CONVERSION = YES;
				CLANG_WARN_NON_LITERAL_NULL_CONVERSION = YES;
				CLANG_WARN_OBJC_IMPLICIT_RETAIN_SELF = YES;
				CLANG_WARN_OBJC_LITERAL_CONVERSION = YES;
				CLANG_WARN_OBJC_ROOT_CLASS = YES_ERROR;
				CLANG_WARN_QUOTED_INCLUDE_IN_FRAMEWORK_HEADER = YES;
				CLANG_WARN_RANGE_LOOP_ANALYSIS = YES;
				CLANG_WARN_STRICT_PROTOTYPES = YES;
				CLANG_WARN_SUSPICIOUS_MOVE = YES;
				CLANG_WARN_UNGUARDED_AVAILABILITY = YES_AGGRESSIVE;
				CLANG_WARN_UNREACHABLE_CODE = YES;
				CLANG_WARN__DUPLICATE_METHOD_MATCH = YES;
				COPY_PHASE_STRIP = NO;
				DEBUG_INFORMATION_FORMAT = "dwarf-with-dsym";
				ENABLE_NS_ASSERTIONS = NO;
				ENABLE_STRICT_OBJC_MSGSEND = YES;
				GCC_C_LANGUAGE_STANDARD = gnu11;
				GCC_NO_COMMON_BLOCKS = YES;
				GCC_WARN_64_TO_32_BIT_CONVERSION = YES;
				GCC_WARN_ABOUT_RETURN_TYPE = YES_ERROR;
				GCC_WARN_UNDECLARED_SELECTOR = YES;
				GCC_WARN_UNINITIALIZED_AUTOS = YES_AGGRESSIVE;
				GCC_WARN_UNUSED_FUNCTION = YES;
				GCC_WARN_UNUSED_VARIABLE = YES;
				IPHONEOS_DEPLOYMENT_TARGET = 15.0;
				MTL_ENABLE_DEBUG_INFO = NO;
				MTL_FAST_MATH = YES;
				SDKROOT = iphoneos;
				SWIFT_COMPILATION_MODE = wholemodule;
				SWIFT_OPTIMIZATION_LEVEL = "-O";
				VALIDATE_PRODUCT = YES;
			};
			name = Release;
		};
		CB96A6DF27AB167A00D2180A /* Debug */ = {
			isa = XCBuildConfiguration;
			buildSettings = {
				ASSETCATALOG_COMPILER_APPICON_NAME = AppIcon;
				ASSETCATALOG_COMPILER_GLOBAL_ACCENT_COLOR_NAME = AccentColor;
				CODE_SIGN_STYLE = Automatic;
				CURRENT_PROJECT_VERSION = 1;
				DEVELOPMENT_TEAM = BVC2A96553;
				GENERATE_INFOPLIST_FILE = YES;
				INFOPLIST_FILE = Week4Hw/Info.plist;
				INFOPLIST_KEY_UIApplicationSupportsIndirectInputEvents = YES;
				INFOPLIST_KEY_UILaunchStoryboardName = LaunchScreen;
				INFOPLIST_KEY_UIMainStoryboardFile = Main;
				INFOPLIST_KEY_UISupportedInterfaceOrientations_iPad = "UIInterfaceOrientationPortrait UIInterfaceOrientationPortraitUpsideDown UIInterfaceOrientationLandscapeLeft UIInterfaceOrientationLandscapeRight";
				INFOPLIST_KEY_UISupportedInterfaceOrientations_iPhone = "UIInterfaceOrientationPortrait UIInterfaceOrientationLandscapeLeft UIInterfaceOrientationLandscapeRight";
				LD_RUNPATH_SEARCH_PATHS = (
					"$(inherited)",
					"@executable_path/Frameworks",
				);
				MARKETING_VERSION = 1.0;
				PRODUCT_BUNDLE_IDENTIFIER = hw.Week4Hw;
				PRODUCT_NAME = "$(TARGET_NAME)";
				SWIFT_EMIT_LOC_STRINGS = YES;
				SWIFT_VERSION = 5.0;
				TARGETED_DEVICE_FAMILY = "1,2";
			};
			name = Debug;
		};
		CB96A6E027AB167A00D2180A /* Release */ = {
			isa = XCBuildConfiguration;
			buildSettings = {
				ASSETCATALOG_COMPILER_APPICON_NAME = AppIcon;
				ASSETCATALOG_COMPILER_GLOBAL_ACCENT_COLOR_NAME = AccentColor;
				CODE_SIGN_STYLE = Automatic;
				CURRENT_PROJECT_VERSION = 1;
				DEVELOPMENT_TEAM = BVC2A96553;
				GENERATE_INFOPLIST_FILE = YES;
				INFOPLIST_FILE = Week4Hw/Info.plist;
				INFOPLIST_KEY_UIApplicationSupportsIndirectInputEvents = YES;
				INFOPLIST_KEY_UILaunchStoryboardName = LaunchScreen;
				INFOPLIST_KEY_UIMainStoryboardFile = Main;
				INFOPLIST_KEY_UISupportedInterfaceOrientations_iPad = "UIInterfaceOrientationPortrait UIInterfaceOrientationPortraitUpsideDown UIInterfaceOrientationLandscapeLeft UIInterfaceOrientationLandscapeRight";
				INFOPLIST_KEY_UISupportedInterfaceOrientations_iPhone = "UIInterfaceOrientationPortrait UIInterfaceOrientationLandscapeLeft UIInterfaceOrientationLandscapeRight";
				LD_RUNPATH_SEARCH_PATHS = (
					"$(inherited)",
					"@executable_path/Frameworks",
				);
				MARKETING_VERSION = 1.0;
				PRODUCT_BUNDLE_IDENTIFIER = hw.Week4Hw;
				PRODUCT_NAME = "$(TARGET_NAME)";
				SWIFT_EMIT_LOC_STRINGS = YES;
				SWIFT_VERSION = 5.0;
				TARGETED_DEVICE_FAMILY = "1,2";
			};
			name = Release;
		};
/* End XCBuildConfiguration section */

/* Begin XCConfigurationList section */
		CB96A6C527AB167800D2180A /* Build configuration list for PBXProject "Week4Hw" */ = {
			isa = XCConfigurationList;
			buildConfigurations = (
				CB96A6DC27AB167A00D2180A /* Debug */,
				CB96A6DD27AB167A00D2180A /* Release */,
			);
			defaultConfigurationIsVisible = 0;
			defaultConfigurationName = Release;
		};
		CB96A6DE27AB167A00D2180A /* Build configuration list for PBXNativeTarget "Week4Hw" */ = {
			isa = XCConfigurationList;
			buildConfigurations = (
				CB96A6DF27AB167A00D2180A /* Debug */,
				CB96A6E027AB167A00D2180A /* Release */,
			);
			defaultConfigurationIsVisible = 0;
			defaultConfigurationName = Release;
		};
/* End XCConfigurationList section */
	};
	rootObject = CB96A6C227AB167800D2180A /* Project object */;
}
