{
  "object": {
    "pins": [
      {
        "package": "KCCustomViews",
        "repositoryURL": "https://github.com/kcaglarr/KCCustomViews",
        "state": {
          "branch": "main",
          "revision": "97fb06353134b04e69dd5256bb7748e5527c14a9",
          "version": null
        }
      }
    ]
  },
  "version": 1
}
